
Microsoft Visual Studio Solution File, Format Version 12.00
# Visual Studio Version 17
VisualStudioVersion = 17.14.37111.16 d17.14
MinimumVisualStudioVersion = 10.0.40219.1
Project("{FAE04EC0-301F-11D3-BF4B-00C04F79EFBC}") = "prySp1.2_Lab2", "prySp1.2_Lab2\prySp1.2_Lab2.csproj", "{32F88ED1-CCE5-4B6A-AE72-8C7F0860174F}"
EndProject
Global
	GlobalSection(SolutionConfigurationPlatforms) = preSolution
		Debug|Any CPU = Debug|Any CPU
		Release|Any CPU = Release|Any CPU
	EndGlobalSection
	GlobalSection(ProjectConfigurationPlatforms) = postSolution
		{32F88ED1-CCE5-4B6A-AE72-8C7F0860174F}.Debug|Any CPU.ActiveCfg = Debug|Any CPU
		{32F88ED1-CCE5-4B6A-AE72-8C7F0860174F}.Debug|Any CPU.Build.0 = Debug|Any CPU
		{32F88ED1-CCE5-4B6A-AE72-8C7F0860174F}.Release|Any CPU.ActiveCfg = Release|Any CPU
		{32F88ED1-CCE5-4B6A-AE72-8C7F0860174F}.Release|Any CPU.Build.0 = Release|Any CPU
	EndGlobalSection
	GlobalSection(SolutionProperties) = preSolution
		HideSolutionNode = FALSE
	EndGlobalSection
	GlobalSection(ExtensibilityGlobals) = postSolution
		SolutionGuid = {CE91EDA7-6D95-4179-8FAD-C73CEB72EA33}
	EndGlobalSection
EndGlobal
